
Microsoft Visual Studio Solution File, Format Version 12.00
# Visual Studio Version 16
VisualStudioVersion = 16.0.31205.134
MinimumVisualStudioVersion = 10.0.40219.1
Project("{FAE04EC0-301F-11D3-BF4B-00C04F79EFBC}") = "PaymentProcessor", "PaymentProcessor\PaymentProcessor.csproj", "{5310B2FE-E26D-414E-B656-1F74C5A70368}"
EndProject
Project("{9A19103F-16F7-4668-BE54-9A1E7A4F7556}") = "PaymentProcessorTest", "PaymentProcessorTest\PaymentProcessorTest.csproj", "{3757CD4C-0EB2-4A72-AC74-1EADC4398465}"
EndProject
Global
	GlobalSection(SolutionConfigurationPlatforms) = preSolution
		Debug|Any CPU = Debug|Any CPU
		Release|Any CPU = Release|Any CPU
	EndGlobalSection
	GlobalSection(ProjectConfigurationPlatforms) = postSolution
		{5310B2FE-E26D-414E-B656-1F74C5A70368}.Debug|Any CPU.ActiveCfg = Debug|Any CPU
		{5310B2FE-E26D-414E-B656-1F74C5A70368}.Debug|Any CPU.Build.0 = Debug|Any CPU
		{5310B2FE-E26D-414E-B656-1F74C5A70368}.Release|Any CPU.ActiveCfg = Release|Any CPU
		{5310B2FE-E26D-414E-B656-1F74C5A70368}.Release|Any CPU.Build.0 = Release|Any CPU
		{3757CD4C-0EB2-4A72-AC74-1EADC4398465}.Debug|Any CPU.ActiveCfg = Debug|Any CPU
		{3757CD4C-0EB2-4A72-AC74-1EADC4398465}.Debug|Any CPU.Build.0 = Debug|Any CPU
		{3757CD4C-0EB2-4A72-AC74-1EADC4398465}.Release|Any CPU.ActiveCfg = Release|Any CPU
		{3757CD4C-0EB2-4A72-AC74-1EADC4398465}.Release|Any CPU.Build.0 = Release|Any CPU
	EndGlobalSection
	GlobalSection(SolutionProperties) = preSolution
		HideSolutionNode = FALSE
	EndGlobalSection
	GlobalSection(ExtensibilityGlobals) = postSolution
		SolutionGuid = {DC909A2B-04E1-4B96-82B9-C3E81399F3C9}
	EndGlobalSection
EndGlobal
